
Microsoft Visual Studio Solution File, Format Version 11.00
# Visual Studio 2010
Project("{FAE04EC0-301F-11D3-BF4B-00C04F79EFBC}") = "ForestGuard", "Assembly-CSharp.csproj", "{292D8AB2-A772-20EE-3692-EAFC0D9475FA}"
EndProject
Project("{FAE04EC0-301F-11D3-BF4B-00C04F79EFBC}") = "ForestGuard", "Assembly-CSharp-Editor.csproj", "{3293075F-04C8-990F-24D6-BFA5AF9DDC02}"
EndProject
Global
	GlobalSection(SolutionConfigurationPlatforms) = preSolution
		Debug|Any CPU = Debug|Any CPU
		Release|Any CPU = Release|Any CPU
	EndGlobalSection
	GlobalSection(ProjectConfigurationPlatforms) = postSolution
		{292D8AB2-A772-20EE-3692-EAFC0D9475FA}.Debug|Any CPU.ActiveCfg = Debug|Any CPU
		{292D8AB2-A772-20EE-3692-EAFC0D9475FA}.Debug|Any CPU.Build.0 = Debug|Any CPU
		{292D8AB2-A772-20EE-3692-EAFC0D9475FA}.Release|Any CPU.ActiveCfg = Release|Any CPU
		{292D8AB2-A772-20EE-3692-EAFC0D9475FA}.Release|Any CPU.Build.0 = Release|Any CPU
		{3293075F-04C8-990F-24D6-BFA5AF9DDC02}.Debug|Any CPU.ActiveCfg = Debug|Any CPU
		{3293075F-04C8-990F-24D6-BFA5AF9DDC02}.Debug|Any CPU.Build.0 = Debug|Any CPU
		{3293075F-04C8-990F-24D6-BFA5AF9DDC02}.Release|Any CPU.ActiveCfg = Release|Any CPU
		{3293075F-04C8-990F-24D6-BFA5AF9DDC02}.Release|Any CPU.Build.0 = Release|Any CPU
	EndGlobalSection
	GlobalSection(SolutionProperties) = preSolution
		HideSolutionNode = FALSE
	EndGlobalSection
	GlobalSection(MonoDevelopProperties) = preSolution
		StartupItem = Assembly-CSharp.csproj
	EndGlobalSection
EndGlobal
